
Microsoft Visual Studio Solution File, Format Version 12.00
# Visual Studio Version 16
VisualStudioVersion = 16.0.31129.286
MinimumVisualStudioVersion = 10.0.40219.1
Project("{FAE04EC0-301F-11D3-BF4B-00C04F79EFBC}") = "SetOriginRotateSprite", "SetOriginRotateSprite\SetOriginRotateSprite.csproj", "{B14189B4-50B1-461B-B9E5-1E58DD9FB510}"
EndProject
Global
	GlobalSection(SolutionConfigurationPlatforms) = preSolution
		Debug|Any CPU = Debug|Any CPU
		Release|Any CPU = Release|Any CPU
	EndGlobalSection
	GlobalSection(ProjectConfigurationPlatforms) = postSolution
		{B14189B4-50B1-461B-B9E5-1E58DD9FB510}.Debug|Any CPU.ActiveCfg = Debug|Any CPU
		{B14189B4-50B1-461B-B9E5-1E58DD9FB510}.Debug|Any CPU.Build.0 = Debug|Any CPU
		{B14189B4-50B1-461B-B9E5-1E58DD9FB510}.Release|Any CPU.ActiveCfg = Release|Any CPU
		{B14189B4-50B1-461B-B9E5-1E58DD9FB510}.Release|Any CPU.Build.0 = Release|Any CPU
	EndGlobalSection
	GlobalSection(SolutionProperties) = preSolution
		HideSolutionNode = FALSE
	EndGlobalSection
	GlobalSection(ExtensibilityGlobals) = postSolution
		SolutionGuid = {5EBC8007-3965-4A39-BACD-5E2ABF686FB4}
	EndGlobalSection
EndGlobal
